
Microsoft Visual Studio Solution File, Format Version 12.00
# Visual Studio Version 17
VisualStudioVersion = 17.5.33516.290
MinimumVisualStudioVersion = 10.0.40219.1
Project("{FAE04EC0-301F-11D3-BF4B-00C04F79EFBC}") = "KSCS", "KSCS.csproj", "{85279FD5-59F5-4056-ADCB-B0B32C1B6712}"
EndProject
Project("{FAE04EC0-301F-11D3-BF4B-00C04F79EFBC}") = "Socket", "..\Packet\Socket.csproj", "{F7B65572-D0A0-41EA-81BE-E47FEB03650A}"
EndProject
Global
	GlobalSection(SolutionConfigurationPlatforms) = preSolution
		Debug|Any CPU = Debug|Any CPU
		Release|Any CPU = Release|Any CPU
	EndGlobalSection
	GlobalSection(ProjectConfigurationPlatforms) = postSolution
		{85279FD5-59F5-4056-ADCB-B0B32C1B6712}.Debug|Any CPU.ActiveCfg = Debug|Any CPU
		{85279FD5-59F5-4056-ADCB-B0B32C1B6712}.Debug|Any CPU.Build.0 = Debug|Any CPU
		{85279FD5-59F5-4056-ADCB-B0B32C1B6712}.Release|Any CPU.ActiveCfg = Release|Any CPU
		{85279FD5-59F5-4056-ADCB-B0B32C1B6712}.Release|Any CPU.Build.0 = Release|Any CPU
		{F7B65572-D0A0-41EA-81BE-E47FEB03650A}.Debug|Any CPU.ActiveCfg = Debug|Any CPU
		{F7B65572-D0A0-41EA-81BE-E47FEB03650A}.Debug|Any CPU.Build.0 = Debug|Any CPU
		{F7B65572-D0A0-41EA-81BE-E47FEB03650A}.Release|Any CPU.ActiveCfg = Release|Any CPU
		{F7B65572-D0A0-41EA-81BE-E47FEB03650A}.Release|Any CPU.Build.0 = Release|Any CPU
	EndGlobalSection
	GlobalSection(SolutionProperties) = preSolution
		HideSolutionNode = FALSE
	EndGlobalSection
	GlobalSection(ExtensibilityGlobals) = postSolution
		SolutionGuid = {ADF453F7-C5BB-4EB5-8DCC-080F27B68616}
	EndGlobalSection
EndGlobal
